# -------------------------------------------------------------------------- #
#
# Copyright (C) 1991-2013 Altera Corporation
# Your use of Altera Corporation's design tools, logic functions
# and other software and tools, and its AMPP partner logic
# functions, and any output files from any of the foregoing
# (including device programming or simulation files), and any
# associated documentation or information are expressly subject
# to the terms and conditions of the Altera Program License
# Subscription Agreement, Altera MegaCore Function License
# Agreement, or other applicable license agreement, including,
# without limitation, that your use is for the sole purpose of
# programming logic devices manufactured by Altera and sold by
# Altera or its authorized distributors.  Please refer to the
# applicable agreement for further details.
#
# -------------------------------------------------------------------------- #
#
# Quartus II 64-Bit
# Version 13.0.0 Build 156 04/24/2013 SJ Full Version
# Date created = 18:29:59  January 19, 2021
#
# -------------------------------------------------------------------------- #
#
# Notes:
#
# 1) The default values for assignments are stored in the file:
#		test_assignment_defaults.qdf
#    If this file doesn't exist, see file:
#		assignment_defaults.qdf
#
# 2) Altera recommends that you do not modify this file. This
#    file is updated automatically by the Quartus II software
#    and any changes you make may be lost or overwritten.
#
# -------------------------------------------------------------------------- #


set_global_assignment -name FAMILY "Cyclone II"
set_global_assignment -name DEVICE EP2C35F672C6
set_global_assignment -name TOP_LEVEL_ENTITY SRAM_controller
set_global_assignment -name ORIGINAL_QUARTUS_VERSION 13.0
set_global_assignment -name PROJECT_CREATION_TIME_DATE "18:29:59  JANUARY 19, 2021"
set_global_assignment -name LAST_QUARTUS_VERSION 13.0
set_global_assignment -name PROJECT_OUTPUT_DIRECTORY output_files
set_global_assignment -name MIN_CORE_JUNCTION_TEMP 0
set_global_assignment -name MAX_CORE_JUNCTION_TEMP 85
set_global_assignment -name DEVICE_FILTER_PACKAGE FBGA
set_global_assignment -name ERROR_CHECK_FREQUENCY_DIVISOR 1
set_global_assignment -name EDA_SIMULATION_TOOL "ModelSim-Altera (VHDL)"
set_global_assignment -name EDA_OUTPUT_DATA_FORMAT VHDL -section_id eda_simulation

set_location_assignment PIN_N2 -to I_CLK_50MHZ
set_location_assignment PIN_N25 -to MEM_RESET

set_location_assignment PIN_AF10 -to O_HEX0_N[0]
set_location_assignment PIN_AB12 -to O_HEX0_N[1]
set_location_assignment PIN_AC12 -to O_HEX0_N[2]
set_location_assignment PIN_AD11 -to O_HEX0_N[3]
set_location_assignment PIN_AE11 -to O_HEX0_N[4]
set_location_assignment PIN_V14 -to O_HEX0_N[5]
set_location_assignment PIN_V13 -to O_HEX0_N[6]
set_location_assignment PIN_V20 -to O_HEX1_N[0]
set_location_assignment PIN_V21 -to O_HEX1_N[1]
set_location_assignment PIN_W21 -to O_HEX1_N[2]
set_location_assignment PIN_Y22 -to O_HEX1_N[3]
set_location_assignment PIN_AA24 -to O_HEX1_N[4]
set_location_assignment PIN_AA23 -to O_HEX1_N[5]
set_location_assignment PIN_AB24 -to O_HEX1_N[6]
set_location_assignment PIN_AB23 -to O_HEX2_N[0]
set_location_assignment PIN_V22 -to O_HEX2_N[1]
set_location_assignment PIN_AC25 -to O_HEX2_N[2]
set_location_assignment PIN_AC26 -to O_HEX2_N[3]
set_location_assignment PIN_AB26 -to O_HEX2_N[4]
set_location_assignment PIN_AB25 -to O_HEX2_N[5]
set_location_assignment PIN_Y24 -to O_HEX2_N[6]
set_location_assignment PIN_Y23 -to O_HEX3_N[0]
set_location_assignment PIN_AA25 -to O_HEX3_N[1]
set_location_assignment PIN_AA26 -to O_HEX3_N[2]
set_location_assignment PIN_Y26 -to O_HEX3_N[3]
set_location_assignment PIN_Y25 -to O_HEX3_N[4]
set_location_assignment PIN_U22 -to O_HEX3_N[5]
set_location_assignment PIN_W24 -to O_HEX3_N[6]
set_location_assignment PIN_U9 -to O_HEX4_N[0]
set_location_assignment PIN_U1 -to O_HEX4_N[1]
set_location_assignment PIN_U2 -to O_HEX4_N[2]
set_location_assignment PIN_T4 -to O_HEX4_N[3]
set_location_assignment PIN_R7 -to O_HEX4_N[4]
set_location_assignment PIN_R6 -to O_HEX4_N[5]
set_location_assignment PIN_T3 -to O_HEX4_N[6]
set_location_assignment PIN_T2 -to O_HEX5_N[0]
set_location_assignment PIN_P6 -to O_HEX5_N[1]
set_location_assignment PIN_P7 -to O_HEX5_N[2]
set_location_assignment PIN_T9 -to O_HEX5_N[3]
set_location_assignment PIN_R5 -to O_HEX5_N[4]
set_location_assignment PIN_R4 -to O_HEX5_N[5]
set_location_assignment PIN_R3 -to O_HEX5_N[6]

set_location_assignment PIN_D25 -to I_KEYPAD_ROW_1
set_location_assignment PIN_E26 -to I_KEYPAD_ROW_2
set_location_assignment PIN_F24 -to I_KEYPAD_ROW_3
set_location_assignment PIN_J21 -to I_KEYPAD_ROW_4
set_location_assignment PIN_F25 -to I_KEYPAD_ROW_5

set_location_assignment PIN_J22 -to O_KEYPAD_COL_1
set_location_assignment PIN_E25 -to O_KEYPAD_COL_2
set_location_assignment PIN_F23 -to O_KEYPAD_COL_3
set_location_assignment PIN_J20 -to O_KEYPAD_COL_4

set_location_assignment PIN_AE22 -to H_KEY_OUT
set_location_assignment PIN_AF22 -to L_KEY_OUT

set_location_assignment PIN_W19 -to O_KEYPAD_BINARY[0]
set_location_assignment PIN_V18 -to O_KEYPAD_BINARY[1]
set_location_assignment PIN_U17 -to O_KEYPAD_BINARY[2]
set_location_assignment PIN_AA20 -to O_KEYPAD_BINARY[3]

set_location_assignment PIN_N26 -to INITIALIZE

set_location_assignment PIN_AD10 -to oe_n
set_location_assignment PIN_AE10 -to we_n
set_location_assignment PIN_AC11 -to ce_n

set_location_assignment PIN_M25 -to rw

set_location_assignment PIN_AD8 -to dio[0]
set_location_assignment PIN_AE6 -to dio[1]
set_location_assignment PIN_AF6 -to dio[2]
set_location_assignment PIN_AA9 -to dio[3]
set_location_assignment PIN_AA10 -to dio[4]
set_location_assignment PIN_AB10 -to dio[5]
set_location_assignment PIN_AA11 -to dio[6]
set_location_assignment PIN_Y11 -to dio[7]
set_location_assignment PIN_AE7 -to dio[8]
set_location_assignment PIN_AF7 -to dio[9]
set_location_assignment PIN_AE8 -to dio[10]
set_location_assignment PIN_AF8 -to dio[11]
set_location_assignment PIN_W11 -to dio[12]
set_location_assignment PIN_W12 -to dio[13]
set_location_assignment PIN_AC9 -to dio[14]
set_location_assignment PIN_AC10 -to dio[15]

set_location_assignment PIN_AE4 -to addr[0]
set_location_assignment PIN_AF4 -to addr[1]
set_location_assignment PIN_AC5 -to addr[2]
set_location_assignment PIN_AC6 -to addr[3]
set_location_assignment PIN_AD4 -to addr[4]
set_location_assignment PIN_AD5 -to addr[5]
set_location_assignment PIN_AE5 -to addr[6]
set_location_assignment PIN_AF5 -to addr[7]
set_location_assignment PIN_AD6 -to addr[8]
set_location_assignment PIN_AD7 -to addr[9]
set_location_assignment PIN_V10 -to addr[10]
set_location_assignment PIN_V9 -to addr[11]
set_location_assignment PIN_AC7 -to addr[12]
set_location_assignment PIN_W8 -to addr[13]
set_location_assignment PIN_W10 -to addr[14]
set_location_assignment PIN_Y10 -to addr[15]
set_location_assignment PIN_AB8 -to addr[16]
set_location_assignment PIN_AC8 -to addr[17]

set_location_assignment PIN_AF9 -to ub
set_location_assignment PIN_AE9 -to lb

set_global_assignment -name VHDL_FILE SRAM_controller.vhd
set_global_assignment -name VHDL_FILE ../Users/bielbyka/Downloads/sram_ctrl.vhd
set_global_assignment -name VHDL_FILE key_counter.vhd
set_global_assignment -name VHDL_FILE hex_keypad_driver.vhd
set_global_assignment -name VHDL_FILE "../EE316-Project1/SRAM_TEST.vhd"
set_global_assignment -name VHDL_FILE one_hz_counter.vhd





set_global_assignment -name PARTITION_NETLIST_TYPE SOURCE -section_id Top
set_global_assignment -name PARTITION_FITTER_PRESERVATION_LEVEL PLACEMENT_AND_ROUTING -section_id Top
set_global_assignment -name PARTITION_COLOR 16764057 -section_id Top
set_instance_assignment -name PARTITION_HIERARCHY root_partition -to | -section_id Top
